
Microsoft Visual Studio Solution File, Format Version 12.00
# Visual Studio Version 17
VisualStudioVersion = 17.11.35222.181
MinimumVisualStudioVersion = 10.0.40219.1
Project("{FAE04EC0-301F-11D3-BF4B-00C04F79EFBC}") = "ECommerceApp.API", "ECommerceApp.API.csproj", "{2A14E2B4-77A3-481C-9CCB-3F2C7D8C9110}"
EndProject
Global
	GlobalSection(SolutionConfigurationPlatforms) = preSolution
		Debug|Any CPU = Debug|Any CPU
		Release|Any CPU = Release|Any CPU
	EndGlobalSection
	GlobalSection(ProjectConfigurationPlatforms) = postSolution
		{2A14E2B4-77A3-481C-9CCB-3F2C7D8C9110}.Debug|Any CPU.ActiveCfg = Debug|Any CPU
		{2A14E2B4-77A3-481C-9CCB-3F2C7D8C9110}.Debug|Any CPU.Build.0 = Debug|Any CPU
		{2A14E2B4-77A3-481C-9CCB-3F2C7D8C9110}.Release|Any CPU.ActiveCfg = Release|Any CPU
		{2A14E2B4-77A3-481C-9CCB-3F2C7D8C9110}.Release|Any CPU.Build.0 = Release|Any CPU
	EndGlobalSection
	GlobalSection(SolutionProperties) = preSolution
		HideSolutionNode = FALSE
	EndGlobalSection
	GlobalSection(ExtensibilityGlobals) = postSolution
		SolutionGuid = {BC12950F-4DC5-4389-BF95-8FC368916D14}
	EndGlobalSection
EndGlobal
